
Microsoft Visual Studio Solution File, Format Version 12.00
# Visual Studio 15
VisualStudioVersion = 15.0.28307.705
MinimumVisualStudioVersion = 10.0.40219.1
Project("{9A19103F-16F7-4668-BE54-9A1E7A4F7556}") = "AsposeLibrary", "AsposeLibrary\AsposeLibrary.csproj", "{99D5D97C-A0C0-4B15-B3A6-9768878C242C}"
EndProject
Project("{9A19103F-16F7-4668-BE54-9A1E7A4F7556}") = "AsposeLibraryUnitTest", "AsposeLibraryUnitTest\AsposeLibraryUnitTest.csproj", "{931D9863-179A-46BB-ADCE-19C1BA3EBBF0}"
EndProject
Global
	GlobalSection(SolutionConfigurationPlatforms) = preSolution
		Debug|Any CPU = Debug|Any CPU
		Release|Any CPU = Release|Any CPU
	EndGlobalSection
	GlobalSection(ProjectConfigurationPlatforms) = postSolution
		{99D5D97C-A0C0-4B15-B3A6-9768878C242C}.Debug|Any CPU.ActiveCfg = Debug|Any CPU
		{99D5D97C-A0C0-4B15-B3A6-9768878C242C}.Debug|Any CPU.Build.0 = Debug|Any CPU
		{99D5D97C-A0C0-4B15-B3A6-9768878C242C}.Release|Any CPU.ActiveCfg = Release|Any CPU
		{99D5D97C-A0C0-4B15-B3A6-9768878C242C}.Release|Any CPU.Build.0 = Release|Any CPU
		{931D9863-179A-46BB-ADCE-19C1BA3EBBF0}.Debug|Any CPU.ActiveCfg = Debug|Any CPU
		{931D9863-179A-46BB-ADCE-19C1BA3EBBF0}.Debug|Any CPU.Build.0 = Debug|Any CPU
		{931D9863-179A-46BB-ADCE-19C1BA3EBBF0}.Release|Any CPU.ActiveCfg = Release|Any CPU
		{931D9863-179A-46BB-ADCE-19C1BA3EBBF0}.Release|Any CPU.Build.0 = Release|Any CPU
	EndGlobalSection
	GlobalSection(SolutionProperties) = preSolution
		HideSolutionNode = FALSE
	EndGlobalSection
	GlobalSection(ExtensibilityGlobals) = postSolution
		SolutionGuid = {1545AB55-B216-4DBF-AC46-4A8692D4ACD5}
	EndGlobalSection
EndGlobal
