
Microsoft Visual Studio Solution File, Format Version 12.00
# Visual Studio 15
VisualStudioVersion = 15.0.28307.705
MinimumVisualStudioVersion = 10.0.40219.1
Project("{9A19103F-16F7-4668-BE54-9A1E7A4F7556}") = "JsonSerializerPlugin", "JsonSerializerPlugin\JsonSerializerPlugin.csproj", "{75C5C00D-03DE-49FF-A432-79813B92E30D}"
EndProject
Project("{9A19103F-16F7-4668-BE54-9A1E7A4F7556}") = "PluginUnitTest", "PluginUnitTest\PluginUnitTest.csproj", "{8C2C2A35-1BD1-432C-8ABC-8B3D97196E70}"
EndProject
Global
	GlobalSection(SolutionConfigurationPlatforms) = preSolution
		Debug|Any CPU = Debug|Any CPU
		Release|Any CPU = Release|Any CPU
	EndGlobalSection
	GlobalSection(ProjectConfigurationPlatforms) = postSolution
		{75C5C00D-03DE-49FF-A432-79813B92E30D}.Debug|Any CPU.ActiveCfg = Debug|Any CPU
		{75C5C00D-03DE-49FF-A432-79813B92E30D}.Debug|Any CPU.Build.0 = Debug|Any CPU
		{75C5C00D-03DE-49FF-A432-79813B92E30D}.Release|Any CPU.ActiveCfg = Release|Any CPU
		{75C5C00D-03DE-49FF-A432-79813B92E30D}.Release|Any CPU.Build.0 = Release|Any CPU
		{8C2C2A35-1BD1-432C-8ABC-8B3D97196E70}.Debug|Any CPU.ActiveCfg = Debug|Any CPU
		{8C2C2A35-1BD1-432C-8ABC-8B3D97196E70}.Debug|Any CPU.Build.0 = Debug|Any CPU
		{8C2C2A35-1BD1-432C-8ABC-8B3D97196E70}.Release|Any CPU.ActiveCfg = Release|Any CPU
		{8C2C2A35-1BD1-432C-8ABC-8B3D97196E70}.Release|Any CPU.Build.0 = Release|Any CPU
	EndGlobalSection
	GlobalSection(SolutionProperties) = preSolution
		HideSolutionNode = FALSE
	EndGlobalSection
	GlobalSection(ExtensibilityGlobals) = postSolution
		SolutionGuid = {EE2F9887-6625-4499-8F9E-71602AE80028}
	EndGlobalSection
EndGlobal
